// !$*UTF8*$!
{
	archiveVersion = 1;
	classes = {
	};
	objectVersion = 42;
	objects = {

/* Begin PBXBuildFile section */
		0C6D4628EE0B0D1479A20551 /* AGL.framework in Frameworks & Libraries */ = {isa = PBXBuildFile; fileRef = C6766F86E49E9C8701C8E637 /* AGL.framework */; };
		2BFDC37C619124944F2C6B8F /* moc_LMainWindow.cpp in Build Sources */ = {isa = PBXBuildFile; fileRef = 227C82DB9DCE73108DF64E46 /* moc_LMainWindow.cpp */; settings = {ATTRIBUTES = (); }; };
		2D3D458C96B8AD42C9DC7DE5 /* moc_LBorgGLWidget.cpp in Build Sources */ = {isa = PBXBuildFile; fileRef = EC8F8F3889357143778700DA /* moc_LBorgGLWidget.cpp */; settings = {ATTRIBUTES = (); }; };
		38AA3F8F65F326F4C256F842 /* Borg3DWerkzeug.cpp in Build Sources */ = {isa = PBXBuildFile; fileRef = F6468FF2106967CECF200FF0 /* Borg3DWerkzeug.cpp */; settings = {ATTRIBUTES = (); }; };
		51D4DBF7CB8537BE86EBD055 /* AppKit.framework in Frameworks & Libraries */ = {isa = PBXBuildFile; fileRef = 821416211D63F190AAAD016A /* AppKit.framework */; };
		73CC7BE00B21D9EA00C6A824 /* borg3DWerkzeug.app in Project Copy */ = {isa = PBXBuildFile; fileRef = 73CC7BDD0B21D9EA00C6A824 /* borg3DWerkzeug.app */; };
		73CC7BFF0B21E99800C6A824 /* LBorgGLWidget.cpp_1.xcclassmodel in Bundle Resources */ = {isa = PBXBuildFile; fileRef = 73CC7BFE0B21E99800C6A824 /* LBorgGLWidget.cpp_1.xcclassmodel */; };
		9E6D9BF2F0A87D370B20F0AF /* LMainWindow.cpp in Build Sources */ = {isa = PBXBuildFile; fileRef = E1A645EC13DC61F55D2A722B /* LMainWindow.cpp */; settings = {ATTRIBUTES = (); }; };
		AEFD8F07360FD18C7473647B /* QtGui.framework in Frameworks & Libraries */ = {isa = PBXBuildFile; fileRef = D7AC5036EA39E6222569357A /* QtGui.framework */; };
		BCEF71E1EDFB18DA77DC750B /* OpenGL.framework in Frameworks & Libraries */ = {isa = PBXBuildFile; fileRef = DA18A6831232F53228631AD1 /* OpenGL.framework */; };
		C8FD4A1AAA37CF2CA2824CCF /* Carbon.framework in Frameworks & Libraries */ = {isa = PBXBuildFile; fileRef = DA138F75C9F545CDAE7FB264 /* Carbon.framework */; };
		C970DEE26C28766E9311E00E /* QuickTime.framework in Frameworks & Libraries */ = {isa = PBXBuildFile; fileRef = A93DF979D20C91D1A15D9625 /* QuickTime.framework */; };
		EAAABC621DE0BE48E8B727ED /* QtOpenGL.framework in Frameworks & Libraries */ = {isa = PBXBuildFile; fileRef = 5EDB13E5519759CE3CCCE423 /* QtOpenGL.framework */; };
		F66043D6E67F5F17C3883310 /* LBorgGLWidget.cpp in Build Sources */ = {isa = PBXBuildFile; fileRef = CCFE7B8DDC76EC60927C440E /* LBorgGLWidget.cpp */; settings = {ATTRIBUTES = (); }; };
		F9E76E570E10AF14870553A7 /* ApplicationServices.framework in Frameworks & Libraries */ = {isa = PBXBuildFile; fileRef = 27AE7A480FD6C52FCA80FECD /* ApplicationServices.framework */; };
		FB50957AD5C0D75052E223A9 /* QtCore.framework in Frameworks & Libraries */ = {isa = PBXBuildFile; fileRef = CE0B6D7136753EB652B13109 /* QtCore.framework */; };
/* End PBXBuildFile section */

/* Begin PBXCopyFilesBuildPhase section */
		F6069D5A5DA8AA28EDB8B3C6 /* Project Copy */ = {
			isa = PBXCopyFilesBuildPhase;
			buildActionMask = 2147483647;
			dstPath = "/Users/madex/svn/microcontroller/src-qt/borg3DWerkzeug";
			dstSubfolderSpec = 0;
			files = (
				73CC7BE00B21D9EA00C6A824 /* borg3DWerkzeug.app in Project Copy */,
			);
			name = "Project Copy";
			runOnlyForDeploymentPostprocessing = 0;
		};
/* End PBXCopyFilesBuildPhase section */

/* Begin PBXFileReference section */
		1D7E3A141003594C676CEEBE /* LMainWindow.h */ = {isa = PBXFileReference; lastKnownFileType = sourcecode.c.h; path = LMainWindow.h; sourceTree = "<group>"; };
		227C82DB9DCE73108DF64E46 /* moc_LMainWindow.cpp */ = {isa = PBXFileReference; lastKnownFileType = sourcecode.cpp.cpp; path = moc_LMainWindow.cpp; sourceTree = "<group>"; };
		27AE7A480FD6C52FCA80FECD /* ApplicationServices.framework */ = {isa = PBXFileReference; lastKnownFileType = wrapper.framework; name = ApplicationServices.framework; path = /System/Library/Frameworks/ApplicationServices.framework; sourceTree = "<absolute>"; };
		5EDB13E5519759CE3CCCE423 /* QtOpenGL.framework */ = {isa = PBXFileReference; lastKnownFileType = wrapper.framework; name = QtOpenGL.framework; path = "/usr/local/Trolltech/Qt-4.2.1/lib/QtOpenGL.framework"; sourceTree = "<absolute>"; };
		73CC7BDD0B21D9EA00C6A824 /* borg3DWerkzeug.app */ = {isa = PBXFileReference; explicitFileType = wrapper.application; includeInIndex = 0; path = borg3DWerkzeug.app; sourceTree = BUILT_PRODUCTS_DIR; };
		73CC7BFE0B21E99800C6A824 /* LBorgGLWidget.cpp_1.xcclassmodel */ = {isa = PBXFileReference; lastKnownFileType = wrapper.xcclassmodel; path = LBorgGLWidget.cpp_1.xcclassmodel; sourceTree = "<group>"; };
		821416211D63F190AAAD016A /* AppKit.framework */ = {isa = PBXFileReference; lastKnownFileType = wrapper.framework; name = AppKit.framework; path = /System/Library/Frameworks/AppKit.framework; sourceTree = "<absolute>"; };
		A3FA24298B896D1A5920989A /* LBorgGLWidget.h */ = {isa = PBXFileReference; lastKnownFileType = sourcecode.c.h; path = LBorgGLWidget.h; sourceTree = "<group>"; };
		A6B714A62D8FFDD1CB6204FD /* borg3DWerkzeug.pro */ = {isa = PBXFileReference; lastKnownFileType = text; path = borg3DWerkzeug.pro; sourceTree = "<group>"; };
		A93DF979D20C91D1A15D9625 /* QuickTime.framework */ = {isa = PBXFileReference; lastKnownFileType = wrapper.framework; name = QuickTime.framework; path = /System/Library/Frameworks/QuickTime.framework; sourceTree = "<absolute>"; };
		C6766F86E49E9C8701C8E637 /* AGL.framework */ = {isa = PBXFileReference; lastKnownFileType = wrapper.framework; name = AGL.framework; path = /System/Library/Frameworks/AGL.framework; sourceTree = "<absolute>"; };
		CCFE7B8DDC76EC60927C440E /* LBorgGLWidget.cpp */ = {isa = PBXFileReference; lastKnownFileType = sourcecode.cpp.cpp; path = LBorgGLWidget.cpp; sourceTree = "<group>"; };
		CE0B6D7136753EB652B13109 /* QtCore.framework */ = {isa = PBXFileReference; lastKnownFileType = wrapper.framework; name = QtCore.framework; path = "/usr/local/Trolltech/Qt-4.2.1/lib/QtCore.framework"; sourceTree = "<absolute>"; };
		D7AC5036EA39E6222569357A /* QtGui.framework */ = {isa = PBXFileReference; lastKnownFileType = wrapper.framework; name = QtGui.framework; path = "/usr/local/Trolltech/Qt-4.2.1/lib/QtGui.framework"; sourceTree = "<absolute>"; };
		DA138F75C9F545CDAE7FB264 /* Carbon.framework */ = {isa = PBXFileReference; lastKnownFileType = wrapper.framework; name = Carbon.framework; path = /System/Library/Frameworks/Carbon.framework; sourceTree = "<absolute>"; };
		DA18A6831232F53228631AD1 /* OpenGL.framework */ = {isa = PBXFileReference; lastKnownFileType = wrapper.framework; name = OpenGL.framework; path = /System/Library/Frameworks/OpenGL.framework; sourceTree = "<absolute>"; };
		E1A645EC13DC61F55D2A722B /* LMainWindow.cpp */ = {isa = PBXFileReference; lastKnownFileType = sourcecode.cpp.cpp; path = LMainWindow.cpp; sourceTree = "<group>"; };
		EC8F8F3889357143778700DA /* moc_LBorgGLWidget.cpp */ = {isa = PBXFileReference; lastKnownFileType = sourcecode.cpp.cpp; path = moc_LBorgGLWidget.cpp; sourceTree = "<group>"; };
		F6468FF2106967CECF200FF0 /* Borg3DWerkzeug.cpp */ = {isa = PBXFileReference; lastKnownFileType = sourcecode.cpp.cpp; path = Borg3DWerkzeug.cpp; sourceTree = "<group>"; };
/* End PBXFileReference section */

/* Begin PBXFrameworksBuildPhase section */
		2A1043669E6E5A7426EA502A /* Frameworks & Libraries */ = {
			isa = PBXFrameworksBuildPhase;
			buildActionMask = 2147483647;
			files = (
				EAAABC621DE0BE48E8B727ED /* QtOpenGL.framework in Frameworks & Libraries */,
				AEFD8F07360FD18C7473647B /* QtGui.framework in Frameworks & Libraries */,
				C8FD4A1AAA37CF2CA2824CCF /* Carbon.framework in Frameworks & Libraries */,
				C970DEE26C28766E9311E00E /* QuickTime.framework in Frameworks & Libraries */,
				51D4DBF7CB8537BE86EBD055 /* AppKit.framework in Frameworks & Libraries */,
				FB50957AD5C0D75052E223A9 /* QtCore.framework in Frameworks & Libraries */,
				F9E76E570E10AF14870553A7 /* ApplicationServices.framework in Frameworks & Libraries */,
				BCEF71E1EDFB18DA77DC750B /* OpenGL.framework in Frameworks & Libraries */,
				0C6D4628EE0B0D1479A20551 /* AGL.framework in Frameworks & Libraries */,
			);
			name = "Frameworks & Libraries";
			runOnlyForDeploymentPostprocessing = 0;
		};
/* End PBXFrameworksBuildPhase section */

/* Begin PBXGroup section */
		05596AB53D8D521C69802C27 /* borg3DWerkzeug */ = {
			isa = PBXGroup;
			children = (
				FB61758D0F0FDA4BA867C3D5 /* Sources */,
				46E892BBB6BB6952967E0561 /* Temporary Sources */,
				883D7615C4D2DE3FA1218F12 /* Headers */,
				7CABE3C80E79AD2B307756D2 /* Sources [qmake] */,
				ED1E82605DD74B483AF3C982 /* External Frameworks and Libraries */,
				73CC7BDE0B21D9EA00C6A824 /* Products */,
			);
			name = borg3DWerkzeug;
			sourceTree = "<group>";
		};
		46E892BBB6BB6952967E0561 /* Temporary Sources */ = {
			isa = PBXGroup;
			children = (
				EC8F8F3889357143778700DA /* moc_LBorgGLWidget.cpp */,
				227C82DB9DCE73108DF64E46 /* moc_LMainWindow.cpp */,
			);
			name = "Temporary Sources";
			sourceTree = "<group>";
		};
		73CC7BDE0B21D9EA00C6A824 /* Products */ = {
			isa = PBXGroup;
			children = (
				73CC7BDD0B21D9EA00C6A824 /* borg3DWerkzeug.app */,
			);
			name = Products;
			sourceTree = "<group>";
		};
		7CABE3C80E79AD2B307756D2 /* Sources [qmake] */ = {
			isa = PBXGroup;
			children = (
				A6B714A62D8FFDD1CB6204FD /* borg3DWerkzeug.pro */,
			);
			name = "Sources [qmake]";
			sourceTree = "<group>";
		};
		883D7615C4D2DE3FA1218F12 /* Headers */ = {
			isa = PBXGroup;
			children = (
				A3FA24298B896D1A5920989A /* LBorgGLWidget.h */,
				1D7E3A141003594C676CEEBE /* LMainWindow.h */,
			);
			name = Headers;
			sourceTree = "<group>";
		};
		ED1E82605DD74B483AF3C982 /* External Frameworks and Libraries */ = {
			isa = PBXGroup;
			children = (
				5EDB13E5519759CE3CCCE423 /* QtOpenGL.framework */,
				D7AC5036EA39E6222569357A /* QtGui.framework */,
				DA138F75C9F545CDAE7FB264 /* Carbon.framework */,
				A93DF979D20C91D1A15D9625 /* QuickTime.framework */,
				821416211D63F190AAAD016A /* AppKit.framework */,
				CE0B6D7136753EB652B13109 /* QtCore.framework */,
				27AE7A480FD6C52FCA80FECD /* ApplicationServices.framework */,
				DA18A6831232F53228631AD1 /* OpenGL.framework */,
				C6766F86E49E9C8701C8E637 /* AGL.framework */,
			);
			name = "External Frameworks and Libraries";
			sourceTree = "<group>";
		};
		FB61758D0F0FDA4BA867C3D5 /* Sources */ = {
			isa = PBXGroup;
			children = (
				F6468FF2106967CECF200FF0 /* Borg3DWerkzeug.cpp */,
				CCFE7B8DDC76EC60927C440E /* LBorgGLWidget.cpp */,
				73CC7BFE0B21E99800C6A824 /* LBorgGLWidget.cpp_1.xcclassmodel */,
				E1A645EC13DC61F55D2A722B /* LMainWindow.cpp */,
			);
			name = Sources;
			sourceTree = "<group>";
		};
/* End PBXGroup section */

/* Begin PBXNativeTarget section */
		282280E4066E45C8DA5A770E /* borg3DWerkzeug */ = {
			isa = PBXNativeTarget;
			buildConfigurationList = 73CC7BF90B21DA0900C6A824 /* Build configuration list for PBXNativeTarget "borg3DWerkzeug" */;
			buildPhases = (
				D7BA7D76DAB5DD13389D6332 /* Qt Qmake */,
				A0A52A2ADF7A1E2A99738674 /* Qt Preprocessors */,
				F6069D5A5DA8AA28EDB8B3C6 /* Project Copy */,
				C29B8785722055ED95EF7B57 /* Build Sources */,
				2A1043669E6E5A7426EA502A /* Frameworks & Libraries */,
				3787F99312C85FF0073FD7BA /* Bundle Resources */,
			);
			buildRules = (
			);
			dependencies = (
			);
			name = borg3DWerkzeug;
			productName = borg3DWerkzeug;
			productReference = 73CC7BDD0B21D9EA00C6A824 /* borg3DWerkzeug.app */;
			productType = "com.apple.product-type.application";
		};
/* End PBXNativeTarget section */

/* Begin PBXProject section */
		91B15E841AA80083484172DE /* Project object */ = {
			isa = PBXProject;
			buildConfigurationList = 2A951308CDB28F104D0A4BD2 /* Build configuration list for PBXProject "borg3DWerkzeug" */;
			hasScannedForEncodings = 1;
			mainGroup = 05596AB53D8D521C69802C27 /* borg3DWerkzeug */;
			productRefGroup = 73CC7BDE0B21D9EA00C6A824 /* Products */;
			projectDirPath = "";
			targets = (
				282280E4066E45C8DA5A770E /* borg3DWerkzeug */,
			);
		};
/* End PBXProject section */

/* Begin PBXResourcesBuildPhase section */
		3787F99312C85FF0073FD7BA /* Bundle Resources */ = {
			isa = PBXResourcesBuildPhase;
			buildActionMask = 2147483647;
			files = (
				73CC7BFF0B21E99800C6A824 /* LBorgGLWidget.cpp_1.xcclassmodel in Bundle Resources */,
			);
			name = "Bundle Resources";
			runOnlyForDeploymentPostprocessing = 0;
		};
/* End PBXResourcesBuildPhase section */

/* Begin PBXShellScriptBuildPhase section */
		A0A52A2ADF7A1E2A99738674 /* Qt Preprocessors */ = {
			isa = PBXShellScriptBuildPhase;
			buildActionMask = 2147483647;
			files = (
			);
			name = "Qt Preprocessors";
			runOnlyForDeploymentPostprocessing = 0;
			shellPath = /bin/sh;
			shellScript = "make -C \"/Users/madex/svn/microcontroller/src-qt/borg3DWerkzeug\" -f \"borg3DWerkzeug.xcodeproj/qt_preprocess.mak\"";
		};
		D7BA7D76DAB5DD13389D6332 /* Qt Qmake */ = {
			isa = PBXShellScriptBuildPhase;
			buildActionMask = 2147483647;
			files = (
			);
			name = "Qt Qmake";
			runOnlyForDeploymentPostprocessing = 0;
			shellPath = /bin/sh;
			shellScript = "make -C \"/Users/madex/svn/microcontroller/src-qt/borg3DWerkzeug\" -f \"borg3DWerkzeug.xcodeproj/qt_makeqmake.mak\"";
		};
/* End PBXShellScriptBuildPhase section */

/* Begin PBXSourcesBuildPhase section */
		C29B8785722055ED95EF7B57 /* Build Sources */ = {
			isa = PBXSourcesBuildPhase;
			buildActionMask = 2147483647;
			files = (
				38AA3F8F65F326F4C256F842 /* Borg3DWerkzeug.cpp in Build Sources */,
				F66043D6E67F5F17C3883310 /* LBorgGLWidget.cpp in Build Sources */,
				9E6D9BF2F0A87D370B20F0AF /* LMainWindow.cpp in Build Sources */,
				2D3D458C96B8AD42C9DC7DE5 /* moc_LBorgGLWidget.cpp in Build Sources */,
				2BFDC37C619124944F2C6B8F /* moc_LMainWindow.cpp in Build Sources */,
			);
			name = "Build Sources";
			runOnlyForDeploymentPostprocessing = 0;
		};
/* End PBXSourcesBuildPhase section */

/* Begin XCBuildConfiguration section */
		73CC7BFA0B21DA0900C6A824 /* Debug */ = {
			isa = XCBuildConfiguration;
			buildSettings = {
				BUILD_ROOT = "/Users/madex/svn/microcontroller/src-qt/borg3DWerkzeug";
				CC = "";
				COPY_PHASE_STRIP = NO;
				CPLUSPLUS = "";
				DYLIB_COMPATIBILITY_VERSION = 1.0;
				DYLIB_CURRENT_VERSION = 1.0.0;
				FRAMEWORK_SEARCH_PATHS = (
					"/usr/local/Trolltech/Qt-4.2.1/lib",
					"/Users/madex/Desktop/qt-mac-opensource-src-4.2.1/lib",
				);
				GCC_GENERATE_DEBUGGING_SYMBOLS = YES;
				GCC_OPTIMIZATION_LEVEL = 0;
				HEADER_SEARCH_PATHS = (
					"/usr/local/Trolltech/Qt-4.2.1/lib/QtCore.framework/Versions/4/Headers",
					"/usr/local/Trolltech/Qt-4.2.1/include/QtCore",
					"/usr/local/Trolltech/Qt-4.2.1/include/QtCore",
					"/usr/local/Trolltech/Qt-4.2.1/lib/QtGui.framework/Versions/4/Headers",
					"/usr/local/Trolltech/Qt-4.2.1/include/QtGui",
					"/usr/local/Trolltech/Qt-4.2.1/include/QtGui",
					"/usr/local/Trolltech/Qt-4.2.1/lib/QtOpenGL.framework/Versions/4/Headers",
					"/usr/local/Trolltech/Qt-4.2.1/include/QtOpenGL",
					"/usr/local/Trolltech/Qt-4.2.1/include/QtOpenGL",
					"/usr/local/Trolltech/Qt-4.2.1/include",
					.,
					new,
					/System/Library/Frameworks/OpenGL.framework/Versions/A/Headers,
					/System/Library/Frameworks/AGL.framework/Headers,
					.,
					.,
					/usr/local/include,
					/System/Library/Frameworks/CarbonCore.framework/Headers,
					"/usr/local/Trolltech/Qt-4.2.1/mkspecs/macx-xcode",
				);
				INFOPLIST_FILE = Info.plist;
				LEXFLAGS = "";
				LIBRARY_SEARCH_PATHS = "";
				OBJROOT = ./;
				OTHER_CFLAGS = (
					"-pipe",
					"-g",
					"-Wall",
					"-W",
					"-F/usr/local/Trolltech/Qt-4.2.1/lib",
					"-DQT_OPENGL_LIB",
					"-DQT_GUI_LIB",
					"-DQT_CORE_LIB",
					"-DQT_SHARED",
				);
				OTHER_CPLUSPLUSFLAGS = (
					"-pipe",
					"-g",
					"-Wall",
					"-W",
					"-F/usr/local/Trolltech/Qt-4.2.1/lib",
					"-DQT_OPENGL_LIB",
					"-DQT_GUI_LIB",
					"-DQT_CORE_LIB",
					"-DQT_SHARED",
				);
				OTHER_LDFLAGS = (
					"-headerpad_max_install_names",
					"-F/usr/local/Trolltech/Qt-4.2.1/lib",
					"-L/usr/local/Trolltech/Qt-4.2.1/lib",
					"-F/Users/madex/Desktop/qt-mac-opensource-src-4.2.1/lib",
					"-L/Users/madex/Desktop/qt-mac-opensource-src-4.2.1/lib",
					"-lz",
					"-lm",
					"-liconv",
				);
				OTHER_REZFLAGS = "";
				PREBINDING = NO;
				PRODUCT_NAME = borg3DWerkzeug;
				SECTORDER_FLAGS = "";
				WARNING_CFLAGS = "";
				YACCFLAGS = "-d";
			};
			name = Debug;
		};
		73CC7BFB0B21DA0900C6A824 /* Release */ = {
			isa = XCBuildConfiguration;
			buildSettings = {
				BUILD_ROOT = "/Users/madex/svn/microcontroller/src-qt/borg3DWerkzeug";
				CC = "";
				COPY_PHASE_STRIP = YES;
				CPLUSPLUS = "";
				DYLIB_COMPATIBILITY_VERSION = 1.0;
				DYLIB_CURRENT_VERSION = 1.0.0;
				FRAMEWORK_SEARCH_PATHS = (
					"/usr/local/Trolltech/Qt-4.2.1/lib",
					"/Users/madex/Desktop/qt-mac-opensource-src-4.2.1/lib",
				);
				GCC_GENERATE_DEBUGGING_SYMBOLS = NO;
				HEADER_SEARCH_PATHS = (
					"/usr/local/Trolltech/Qt-4.2.1/lib/QtCore.framework/Versions/4/Headers",
					"/usr/local/Trolltech/Qt-4.2.1/include/QtCore",
					"/usr/local/Trolltech/Qt-4.2.1/include/QtCore",
					"/usr/local/Trolltech/Qt-4.2.1/lib/QtGui.framework/Versions/4/Headers",
					"/usr/local/Trolltech/Qt-4.2.1/include/QtGui",
					"/usr/local/Trolltech/Qt-4.2.1/include/QtGui",
					"/usr/local/Trolltech/Qt-4.2.1/lib/QtOpenGL.framework/Versions/4/Headers",
					"/usr/local/Trolltech/Qt-4.2.1/include/QtOpenGL",
					"/usr/local/Trolltech/Qt-4.2.1/include/QtOpenGL",
					"/usr/local/Trolltech/Qt-4.2.1/include",
					.,
					new,
					/System/Library/Frameworks/OpenGL.framework/Versions/A/Headers,
					/System/Library/Frameworks/AGL.framework/Headers,
					.,
					.,
					/usr/local/include,
					/System/Library/Frameworks/CarbonCore.framework/Headers,
					"/usr/local/Trolltech/Qt-4.2.1/mkspecs/macx-xcode",
				);
				INFOPLIST_FILE = Info.plist;
				LEXFLAGS = "";
				LIBRARY_SEARCH_PATHS = "";
				OBJROOT = ./;
				OTHER_CFLAGS = (
					"-pipe",
					"-g",
					"-Wall",
					"-W",
					"-F/usr/local/Trolltech/Qt-4.2.1/lib",
					"-DQT_OPENGL_LIB",
					"-DQT_GUI_LIB",
					"-DQT_CORE_LIB",
					"-DQT_SHARED",
				);
				OTHER_CPLUSPLUSFLAGS = (
					"-pipe",
					"-g",
					"-Wall",
					"-W",
					"-F/usr/local/Trolltech/Qt-4.2.1/lib",
					"-DQT_OPENGL_LIB",
					"-DQT_GUI_LIB",
					"-DQT_CORE_LIB",
					"-DQT_SHARED",
				);
				OTHER_LDFLAGS = (
					"-headerpad_max_install_names",
					"-F/usr/local/Trolltech/Qt-4.2.1/lib",
					"-L/usr/local/Trolltech/Qt-4.2.1/lib",
					"-F/Users/madex/Desktop/qt-mac-opensource-src-4.2.1/lib",
					"-L/Users/madex/Desktop/qt-mac-opensource-src-4.2.1/lib",
					"-lz",
					"-lm",
					"-liconv",
				);
				OTHER_REZFLAGS = "";
				PREBINDING = NO;
				PRODUCT_NAME = borg3DWerkzeug;
				SECTORDER_FLAGS = "";
				WARNING_CFLAGS = "";
				YACCFLAGS = "-d";
			};
			name = Release;
		};
		73CC7BFC0B21DA0900C6A824 /* Default */ = {
			isa = XCBuildConfiguration;
			buildSettings = {
				BUILD_ROOT = "/Users/madex/svn/microcontroller/src-qt/borg3DWerkzeug";
				CC = "";
				CPLUSPLUS = "";
				DYLIB_COMPATIBILITY_VERSION = 1.0;
				DYLIB_CURRENT_VERSION = 1.0.0;
				FRAMEWORK_SEARCH_PATHS = (
					"/usr/local/Trolltech/Qt-4.2.1/lib",
					"/Users/madex/Desktop/qt-mac-opensource-src-4.2.1/lib",
				);
				HEADER_SEARCH_PATHS = (
					"/usr/local/Trolltech/Qt-4.2.1/lib/QtCore.framework/Versions/4/Headers",
					"/usr/local/Trolltech/Qt-4.2.1/include/QtCore",
					"/usr/local/Trolltech/Qt-4.2.1/include/QtCore",
					"/usr/local/Trolltech/Qt-4.2.1/lib/QtGui.framework/Versions/4/Headers",
					"/usr/local/Trolltech/Qt-4.2.1/include/QtGui",
					"/usr/local/Trolltech/Qt-4.2.1/include/QtGui",
					"/usr/local/Trolltech/Qt-4.2.1/lib/QtOpenGL.framework/Versions/4/Headers",
					"/usr/local/Trolltech/Qt-4.2.1/include/QtOpenGL",
					"/usr/local/Trolltech/Qt-4.2.1/include/QtOpenGL",
					"/usr/local/Trolltech/Qt-4.2.1/include",
					.,
					new,
					/System/Library/Frameworks/OpenGL.framework/Versions/A/Headers,
					/System/Library/Frameworks/AGL.framework/Headers,
					.,
					.,
					/usr/local/include,
					/System/Library/Frameworks/CarbonCore.framework/Headers,
					"/usr/local/Trolltech/Qt-4.2.1/mkspecs/macx-xcode",
				);
				INFOPLIST_FILE = Info.plist;
				LEXFLAGS = "";
				LIBRARY_SEARCH_PATHS = "";
				OBJROOT = ./;
				OTHER_CFLAGS = (
					"-pipe",
					"-g",
					"-Wall",
					"-W",
					"-F/usr/local/Trolltech/Qt-4.2.1/lib",
					"-DQT_OPENGL_LIB",
					"-DQT_GUI_LIB",
					"-DQT_CORE_LIB",
					"-DQT_SHARED",
				);
				OTHER_CPLUSPLUSFLAGS = (
					"-pipe",
					"-g",
					"-Wall",
					"-W",
					"-F/usr/local/Trolltech/Qt-4.2.1/lib",
					"-DQT_OPENGL_LIB",
					"-DQT_GUI_LIB",
					"-DQT_CORE_LIB",
					"-DQT_SHARED",
				);
				OTHER_LDFLAGS = (
					"-headerpad_max_install_names",
					"-F/usr/local/Trolltech/Qt-4.2.1/lib",
					"-L/usr/local/Trolltech/Qt-4.2.1/lib",
					"-F/Users/madex/Desktop/qt-mac-opensource-src-4.2.1/lib",
					"-L/Users/madex/Desktop/qt-mac-opensource-src-4.2.1/lib",
					"-lz",
					"-lm",
					"-liconv",
				);
				OTHER_REZFLAGS = "";
				PREBINDING = NO;
				PRODUCT_NAME = borg3DWerkzeug;
				SECTORDER_FLAGS = "";
				WARNING_CFLAGS = "";
				YACCFLAGS = "-d";
			};
			name = Default;
		};
		8DB1DD96F65B1BF1FFC506E0 /* Debug */ = {
			isa = XCBuildConfiguration;
			buildSettings = {
				COPY_PHASE_STRIP = NO;
				GCC_GENERATE_DEBUGGING_SYMBOLS = YES;
				GCC_OPTIMIZATION_LEVEL = 0;
			};
			name = Debug;
		};
		95E1EB2E5DDD587BE5B3E548 /* Release */ = {
			isa = XCBuildConfiguration;
			buildSettings = {
				COPY_PHASE_STRIP = YES;
				GCC_GENERATE_DEBUGGING_SYMBOLS = NO;
			};
			name = Release;
		};
/* End XCBuildConfiguration section */

/* Begin XCConfigurationList section */
		2A951308CDB28F104D0A4BD2 /* Build configuration list for PBXProject "borg3DWerkzeug" */ = {
			isa = XCConfigurationList;
			buildConfigurations = (
				8DB1DD96F65B1BF1FFC506E0 /* Debug */,
				95E1EB2E5DDD587BE5B3E548 /* Release */,
			);
			defaultConfigurationIsVisible = 0;
			defaultConfigurationName = Release;
		};
		73CC7BF90B21DA0900C6A824 /* Build configuration list for PBXNativeTarget "borg3DWerkzeug" */ = {
			isa = XCConfigurationList;
			buildConfigurations = (
				73CC7BFA0B21DA0900C6A824 /* Debug */,
				73CC7BFB0B21DA0900C6A824 /* Release */,
				73CC7BFC0B21DA0900C6A824 /* Default */,
			);
			defaultConfigurationIsVisible = 0;
			defaultConfigurationName = Default;
		};
/* End XCConfigurationList section */
	};
	rootObject = 91B15E841AA80083484172DE /* Project object */;
}
